
Microsoft Visual Studio Solution File, Format Version 12.00
# Visual Studio Version 17
VisualStudioVersion = 17.5.33414.496
MinimumVisualStudioVersion = 10.0.40219.1
Project("{FAE04EC0-301F-11D3-BF4B-00C04F79EFBC}") = "Laboratorio1Azucena", "Laboratorio1Azucena\Laboratorio1Azucena.csproj", "{0CBF5CDD-BF71-4C6B-9FE8-1ADFE8C5217C}"
EndProject
Global
	GlobalSection(SolutionConfigurationPlatforms) = preSolution
		Debug|Any CPU = Debug|Any CPU
		Release|Any CPU = Release|Any CPU
	EndGlobalSection
	GlobalSection(ProjectConfigurationPlatforms) = postSolution
		{0CBF5CDD-BF71-4C6B-9FE8-1ADFE8C5217C}.Debug|Any CPU.ActiveCfg = Debug|Any CPU
		{0CBF5CDD-BF71-4C6B-9FE8-1ADFE8C5217C}.Debug|Any CPU.Build.0 = Debug|Any CPU
		{0CBF5CDD-BF71-4C6B-9FE8-1ADFE8C5217C}.Release|Any CPU.ActiveCfg = Release|Any CPU
		{0CBF5CDD-BF71-4C6B-9FE8-1ADFE8C5217C}.Release|Any CPU.Build.0 = Release|Any CPU
	EndGlobalSection
	GlobalSection(SolutionProperties) = preSolution
		HideSolutionNode = FALSE
	EndGlobalSection
	GlobalSection(ExtensibilityGlobals) = postSolution
		SolutionGuid = {0376A923-0910-4131-9334-465E934E8760}
	EndGlobalSection
EndGlobal
